{
    "_meta": {
        "hash": {
            "sha256": "2b4f062df58c6a107de86f1adfbdb30f787ee1c4091a38c73ab4e58a9557bb90"
        },
        "pipfile-spec": 6,
        "requires": {
            "python_version": "3.8"
        },
        "sources": [
            {
                "name": "pypi",
                "url": "https://pypi.org/simple",
                "verify_ssl": true
            }
        ]
    },
    "default": {
        "slack-sdk": {
            "hashes": [
                "sha256:47f0ce3c8f5f50cffc687090c87754a833770f2a955c0637311540bbfbe1824e",
                "sha256:c97522e423761e5931341a156a3991ae7e07f93eaad10b163415de0193ae22e3"
            ],
            "index": "pypi",
            "version": "==3.1.0"
        },
        "toml": {
            "hashes": [
                "sha256:229f81c57791a41d65e399fc06bf0848bab550a9dfd5ed66df18ce5f05e73d5c",
                "sha256:235682dd292d5899d361a811df37e04a8828a5b1da3115886b73cf81ebc9100e",
                "sha256:f1db651f9657708513243e61e6cc67d101a39bad662eaa9b5546f789338e07a3"
            ],
            "index": "pypi",
            "version": "==0.10.0"
        }
    },
    "develop": {}
}
